
Microsoft Visual Studio Solution File, Format Version 12.00
# Visual Studio Version 16
VisualStudioVersion = 16.0.31112.23
MinimumVisualStudioVersion = 10.0.40219.1
Project("{FAE04EC0-301F-11D3-BF4B-00C04F79EFBC}") = "RAVEL", "RAVEL\RAVEL.csproj", "{7C54863F-DE86-447F-A066-4674D651BE90}"
EndProject
Global
	GlobalSection(SolutionConfigurationPlatforms) = preSolution
		Debug|Any CPU = Debug|Any CPU
		Release|Any CPU = Release|Any CPU
	EndGlobalSection
	GlobalSection(ProjectConfigurationPlatforms) = postSolution
		{7C54863F-DE86-447F-A066-4674D651BE90}.Debug|Any CPU.ActiveCfg = Debug|Any CPU
		{7C54863F-DE86-447F-A066-4674D651BE90}.Debug|Any CPU.Build.0 = Debug|Any CPU
		{7C54863F-DE86-447F-A066-4674D651BE90}.Release|Any CPU.ActiveCfg = Release|Any CPU
		{7C54863F-DE86-447F-A066-4674D651BE90}.Release|Any CPU.Build.0 = Release|Any CPU
	EndGlobalSection
	GlobalSection(SolutionProperties) = preSolution
		HideSolutionNode = FALSE
	EndGlobalSection
	GlobalSection(ExtensibilityGlobals) = postSolution
		SolutionGuid = {C638E860-40CF-4BBC-A756-AD9CCF287CF3}
	EndGlobalSection
EndGlobal
